
Microsoft Visual Studio Solution File, Format Version 12.00
# Visual Studio Version 16
VisualStudioVersion = 16.0.30717.126
MinimumVisualStudioVersion = 10.0.40219.1
Project("{FAE04EC0-301F-11D3-BF4B-00C04F79EFBC}") = "Clippings_Solution", "Clippings_Solution\Clippings_Solution.csproj", "{23513430-0B18-4C9B-A910-85BD8B268AF5}"
EndProject
Global
	GlobalSection(SolutionConfigurationPlatforms) = preSolution
		Debug|Any CPU = Debug|Any CPU
		Release|Any CPU = Release|Any CPU
	EndGlobalSection
	GlobalSection(ProjectConfigurationPlatforms) = postSolution
		{23513430-0B18-4C9B-A910-85BD8B268AF5}.Debug|Any CPU.ActiveCfg = Debug|Any CPU
		{23513430-0B18-4C9B-A910-85BD8B268AF5}.Debug|Any CPU.Build.0 = Debug|Any CPU
		{23513430-0B18-4C9B-A910-85BD8B268AF5}.Release|Any CPU.ActiveCfg = Release|Any CPU
		{23513430-0B18-4C9B-A910-85BD8B268AF5}.Release|Any CPU.Build.0 = Release|Any CPU
	EndGlobalSection
	GlobalSection(SolutionProperties) = preSolution
		HideSolutionNode = FALSE
	EndGlobalSection
	GlobalSection(ExtensibilityGlobals) = postSolution
		SolutionGuid = {2CBC6176-5C94-44A6-8838-B8E2248D5A53}
	EndGlobalSection
EndGlobal
